// !$*UTF8*$!
{
	archiveVersion = 1;
	classes = {
	};
	objectVersion = 46;
	objects = {

/* Begin PBXBuildFile section */
		05316CFE1EF5B63900ACCB1A /* AppDelegate.swift in Sources */ = {isa = PBXBuildFile; fileRef = 05316CFD1EF5B63900ACCB1A /* AppDelegate.swift */; };
		05316D001EF5B63900ACCB1A /* RecordSoundsViewController.swift in Sources */ = {isa = PBXBuildFile; fileRef = 05316CFF1EF5B63900ACCB1A /* RecordSoundsViewController.swift */; };
		05316D031EF5B63900ACCB1A /* Main.storyboard in Resources */ = {isa = PBXBuildFile; fileRef = 05316D011EF5B63900ACCB1A /* Main.storyboard */; };
		05316D051EF5B63900ACCB1A /* Assets.xcassets in Resources */ = {isa = PBXBuildFile; fileRef = 05316D041EF5B63900ACCB1A /* Assets.xcassets */; };
		05316D081EF5B63900ACCB1A /* LaunchScreen.storyboard in Resources */ = {isa = PBXBuildFile; fileRef = 05316D061EF5B63900ACCB1A /* LaunchScreen.storyboard */; };
		057BA7D71F170A9C000E5256 /* PlaySoundsViewController.swift in Sources */ = {isa = PBXBuildFile; fileRef = 057BA7D61F170A9C000E5256 /* PlaySoundsViewController.swift */; };
		05B555151F8CBA1400B6DE87 /* playsoundsviewcontroller-audio.swift in Sources */ = {isa = PBXBuildFile; fileRef = 05B555141F8CBA1400B6DE87 /* playsoundsviewcontroller-audio.swift */; };
/* End PBXBuildFile section */

/* Begin PBXFileReference section */
		05316CFA1EF5B63900ACCB1A /* PitchPerfect.app */ = {isa = PBXFileReference; explicitFileType = wrapper.application; includeInIndex = 0; path = PitchPerfect.app; sourceTree = BUILT_PRODUCTS_DIR; };
		05316CFD1EF5B63900ACCB1A /* AppDelegate.swift */ = {isa = PBXFileReference; lastKnownFileType = sourcecode.swift; path = AppDelegate.swift; sourceTree = "<group>"; };
		05316CFF1EF5B63900ACCB1A /* RecordSoundsViewController.swift */ = {isa = PBXFileReference; lastKnownFileType = sourcecode.swift; path = RecordSoundsViewController.swift; sourceTree = "<group>"; };
		05316D021EF5B63900ACCB1A /* Base */ = {isa = PBXFileReference; lastKnownFileType = file.storyboard; name = Base; path = Base.lproj/Main.storyboard; sourceTree = "<group>"; };
		05316D041EF5B63900ACCB1A /* Assets.xcassets */ = {isa = PBXFileReference; lastKnownFileType = folder.assetcatalog; path = Assets.xcassets; sourceTree = "<group>"; };
		05316D071EF5B63900ACCB1A /* Base */ = {isa = PBXFileReference; lastKnownFileType = file.storyboard; name = Base; path = Base.lproj/LaunchScreen.storyboard; sourceTree = "<group>"; };
		05316D091EF5B63900ACCB1A /* Info.plist */ = {isa = PBXFileReference; lastKnownFileType = text.plist.xml; path = Info.plist; sourceTree = "<group>"; };
		057BA7D61F170A9C000E5256 /* PlaySoundsViewController.swift */ = {isa = PBXFileReference; fileEncoding = 4; lastKnownFileType = sourcecode.swift; path = PlaySoundsViewController.swift; sourceTree = "<group>"; };
		05B555141F8CBA1400B6DE87 /* playsoundsviewcontroller-audio.swift */ = {isa = PBXFileReference; fileEncoding = 4; lastKnownFileType = sourcecode.swift; path = "playsoundsviewcontroller-audio.swift"; sourceTree = "<group>"; };
/* End PBXFileReference section */

/* Begin PBXFrameworksBuildPhase section */
		05316CF71EF5B63800ACCB1A /* Frameworks */ = {
			isa = PBXFrameworksBuildPhase;
			buildActionMask = 2147483647;
			files = (
			);
			runOnlyForDeploymentPostprocessing = 0;
		};
/* End PBXFrameworksBuildPhase section */

/* Begin PBXGroup section */
		05316CF11EF5B63800ACCB1A = {
			isa = PBXGroup;
			children = (
				05316CFC1EF5B63900ACCB1A /* PitchPerfect */,
				05316CFB1EF5B63900ACCB1A /* Products */,
			);
			sourceTree = "<group>";
		};
		05316CFB1EF5B63900ACCB1A /* Products */ = {
			isa = PBXGroup;
			children = (
				05316CFA1EF5B63900ACCB1A /* PitchPerfect.app */,
			);
			name = Products;
			sourceTree = "<group>";
		};
		05316CFC1EF5B63900ACCB1A /* PitchPerfect */ = {
			isa = PBXGroup;
			children = (
				057BA7D81F170AAA000E5256 /* Supporting Files */,
				05316CFF1EF5B63900ACCB1A /* RecordSoundsViewController.swift */,
				057BA7D61F170A9C000E5256 /* PlaySoundsViewController.swift */,
				05B555141F8CBA1400B6DE87 /* playsoundsviewcontroller-audio.swift */,
				05316D011EF5B63900ACCB1A /* Main.storyboard */,
			);
			path = PitchPerfect;
			sourceTree = "<group>";
		};
		057BA7D81F170AAA000E5256 /* Supporting Files */ = {
			isa = PBXGroup;
			children = (
				05316CFD1EF5B63900ACCB1A /* AppDelegate.swift */,
				05316D041EF5B63900ACCB1A /* Assets.xcassets */,
				05316D061EF5B63900ACCB1A /* LaunchScreen.storyboard */,
				05316D091EF5B63900ACCB1A /* Info.plist */,
			);
			name = "Supporting Files";
			sourceTree = "<group>";
		};
/* End PBXGroup section */

/* Begin PBXNativeTarget section */
		05316CF91EF5B63800ACCB1A /* PitchPerfect */ = {
			isa = PBXNativeTarget;
			buildConfigurationList = 05316D0C1EF5B63900ACCB1A /* Build configuration list for PBXNativeTarget "PitchPerfect" */;
			buildPhases = (
				05316CF61EF5B63800ACCB1A /* Sources */,
				05316CF71EF5B63800ACCB1A /* Frameworks */,
				05316CF81EF5B63800ACCB1A /* Resources */,
			);
			buildRules = (
			);
			dependencies = (
			);
			name = PitchPerfect;
			productName = PitchPerfect;
			productReference = 05316CFA1EF5B63900ACCB1A /* PitchPerfect.app */;
			productType = "com.apple.product-type.application";
		};
/* End PBXNativeTarget section */

/* Begin PBXProject section */
		05316CF21EF5B63800ACCB1A /* Project object */ = {
			isa = PBXProject;
			attributes = {
				LastSwiftUpdateCheck = 0830;
				LastUpgradeCheck = 0830;
				ORGANIZATIONNAME = "Akansha Aggarwal";
				TargetAttributes = {
					05316CF91EF5B63800ACCB1A = {
						CreatedOnToolsVersion = 8.3.3;
						DevelopmentTeam = KTXPB2FC38;
						ProvisioningStyle = Automatic;
					};
				};
			};
			buildConfigurationList = 05316CF51EF5B63800ACCB1A /* Build configuration list for PBXProject "PitchPerfect" */;
			compatibilityVersion = "Xcode 3.2";
			developmentRegion = English;
			hasScannedForEncodings = 0;
			knownRegions = (
				en,
				Base,
			);
			mainGroup = 05316CF11EF5B63800ACCB1A;
			productRefGroup = 05316CFB1EF5B63900ACCB1A /* Products */;
			projectDirPath = "";
			projectRoot = "";
			targets = (
				05316CF91EF5B63800ACCB1A /* PitchPerfect */,
			);
		};
/* End PBXProject section */

/* Begin PBXResourcesBuildPhase section */
		05316CF81EF5B63800ACCB1A /* Resources */ = {
			isa = PBXResourcesBuildPhase;
			buildActionMask = 2147483647;
			files = (
				05316D081EF5B63900ACCB1A /* LaunchScreen.storyboard in Resources */,
				05316D051EF5B63900ACCB1A /* Assets.xcassets in Resources */,
				05316D031EF5B63900ACCB1A /* Main.storyboard in Resources */,
			);
			runOnlyForDeploymentPostprocessing = 0;
		};
/* End PBXResourcesBuildPhase section */

/* Begin PBXSourcesBuildPhase section */
		05316CF61EF5B63800ACCB1A /* Sources */ = {
			isa = PBXSourcesBuildPhase;
			buildActionMask = 2147483647;
			files = (
				05316D001EF5B63900ACCB1A /* RecordSoundsViewController.swift in Sources */,
				057BA7D71F170A9C000E5256 /* PlaySoundsViewController.swift in Sources */,
				05316CFE1EF5B63900ACCB1A /* AppDelegate.swift in Sources */,
				05B555151F8CBA1400B6DE87 /* playsoundsviewcontroller-audio.swift in Sources */,
			);
			runOnlyForDeploymentPostprocessing = 0;
		};
/* End PBXSourcesBuildPhase section */

/* Begin PBXVariantGroup section */
		05316D011EF5B63900ACCB1A /* Main.storyboard */ = {
			isa = PBXVariantGroup;
			children = (
				05316D021EF5B63900ACCB1A /* Base */,
			);
			name = Main.storyboard;
			sourceTree = "<group>";
		};
		05316D061EF5B63900ACCB1A /* LaunchScreen.storyboard */ = {
			isa = PBXVariantGroup;
			children = (
				05316D071EF5B63900ACCB1A /* Base */,
			);
			name = LaunchScreen.storyboard;
			sourceTree = "<group>";
		};
/* End PBXVariantGroup section */

/* Begin XCBuildConfiguration section */
		05316D0A1EF5B63900ACCB1A /* Debug */ = {
			isa = XCBuildConfiguration;
			buildSettings = {
				ALWAYS_SEARCH_USER_PATHS = NO;
				CLANG_ANALYZER_NONNULL = YES;
				CLANG_ANALYZER_NUMBER_OBJECT_CONVERSION = YES_AGGRESSIVE;
				CLANG_CXX_LANGUAGE_STANDARD = "gnu++0x";
				CLANG_CXX_LIBRARY = "libc++";
				CLANG_ENABLE_MODULES = YES;
				CLANG_ENABLE_OBJC_ARC = YES;
				CLANG_WARN_BOOL_CONVERSION = YES;
				CLANG_WARN_CONSTANT_CONVERSION = YES;
				CLANG_WARN_DIRECT_OBJC_ISA_USAGE = YES_ERROR;
				CLANG_WARN_DOCUMENTATION_COMMENTS = YES;
				CLANG_WARN_EMPTY_BODY = YES;
				CLANG_WARN_ENUM_CONVERSION = YES;
				CLANG_WARN_INFINITE_RECURSION = YES;
				CLANG_WARN_INT_CONVERSION = YES;
				CLANG_WARN_OBJC_ROOT_CLASS = YES_ERROR;
				CLANG_WARN_SUSPICIOUS_MOVE = YES;
				CLANG_WARN_UNREACHABLE_CODE = YES;
				CLANG_WARN__DUPLICATE_METHOD_MATCH = YES;
				"CODE_SIGN_IDENTITY[sdk=iphoneos*]" = "iPhone Developer";
				COPY_PHASE_STRIP = NO;
				DEBUG_INFORMATION_FORMAT = dwarf;
				ENABLE_STRICT_OBJC_MSGSEND = YES;
				ENABLE_TESTABILITY = YES;
				GCC_C_LANGUAGE_STANDARD = gnu99;
				GCC_DYNAMIC_NO_PIC = NO;
				GCC_NO_COMMON_BLOCKS = YES;
				GCC_OPTIMIZATION_LEVEL = 0;
				GCC_PREPROCESSOR_DEFINITIONS = (
					"DEBUG=1",
					"$(inherited)",
				);
				GCC_WARN_64_TO_32_BIT_CONVERSION = YES;
				GCC_WARN_ABOUT_RETURN_TYPE = YES_ERROR;
				GCC_WARN_UNDECLARED_SELECTOR = YES;
				GCC_WARN_UNINITIALIZED_AUTOS = YES_AGGRESSIVE;
				GCC_WARN_UNUSED_FUNCTION = YES;
				GCC_WARN_UNUSED_VARIABLE = YES;
				IPHONEOS_DEPLOYMENT_TARGET = 10.3;
				MTL_ENABLE_DEBUG_INFO = YES;
				ONLY_ACTIVE_ARCH = YES;
				SDKROOT = iphoneos;
				SWIFT_ACTIVE_COMPILATION_CONDITIONS = DEBUG;
				SWIFT_OPTIMIZATION_LEVEL = "-Onone";
				TARGETED_DEVICE_FAMILY = "1,2";
			};
			name = Debug;
		};
		05316D0B1EF5B63900ACCB1A /* Release */ = {
			isa = XCBuildConfiguration;
			buildSettings = {
				ALWAYS_SEARCH_USER_PATHS = NO;
				CLANG_ANALYZER_NONNULL = YES;
				CLANG_ANALYZER_NUMBER_OBJECT_CONVERSION = YES_AGGRESSIVE;
				CLANG_CXX_LANGUAGE_STANDARD = "gnu++0x";
				CLANG_CXX_LIBRARY = "libc++";
				CLANG_ENABLE_MODULES = YES;
				CLANG_ENABLE_OBJC_ARC = YES;
				CLANG_WARN_BOOL_CONVERSION = YES;
				CLANG_WARN_CONSTANT_CONVERSION = YES;
				CLANG_WARN_DIRECT_OBJC_ISA_USAGE = YES_ERROR;
				CLANG_WARN_DOCUMENTATION_COMMENTS = YES;
				CLANG_WARN_EMPTY_BODY = YES;
				CLANG_WARN_ENUM_CONVERSION = YES;
				CLANG_WARN_INFINITE_RECURSION = YES;
				CLANG_WARN_INT_CONVERSION = YES;
				CLANG_WARN_OBJC_ROOT_CLASS = YES_ERROR;
				CLANG_WARN_SUSPICIOUS_MOVE = YES;
				CLANG_WARN_UNREACHABLE_CODE = YES;
				CLANG_WARN__DUPLICATE_METHOD_MATCH = YES;
				"CODE_SIGN_IDENTITY[sdk=iphoneos*]" = "iPhone Developer";
				COPY_PHASE_STRIP = NO;
				DEBUG_INFORMATION_FORMAT = "dwarf-with-dsym";
				ENABLE_NS_ASSERTIONS = NO;
				ENABLE_STRICT_OBJC_MSGSEND = YES;
				GCC_C_LANGUAGE_STANDARD = gnu99;
				GCC_NO_COMMON_BLOCKS = YES;
				GCC_WARN_64_TO_32_BIT_CONVERSION = YES;
				GCC_WARN_ABOUT_RETURN_TYPE = YES_ERROR;
				GCC_WARN_UNDECLARED_SELECTOR = YES;
				GCC_WARN_UNINITIALIZED_AUTOS = YES_AGGRESSIVE;
				GCC_WARN_UNUSED_FUNCTION = YES;
				GCC_WARN_UNUSED_VARIABLE = YES;
				IPHONEOS_DEPLOYMENT_TARGET = 10.3;
				MTL_ENABLE_DEBUG_INFO = NO;
				SDKROOT = iphoneos;
				SWIFT_OPTIMIZATION_LEVEL = "-Owholemodule";
				TARGETED_DEVICE_FAMILY = "1,2";
				VALIDATE_PRODUCT = YES;
			};
			name = Release;
		};
		05316D0D1EF5B63900ACCB1A /* Debug */ = {
			isa = XCBuildConfiguration;
			buildSettings = {
				ASSETCATALOG_COMPILER_APPICON_NAME = AppIcon;
				DEVELOPMENT_TEAM = KTXPB2FC38;
				INFOPLIST_FILE = PitchPerfect/Info.plist;
				LD_RUNPATH_SEARCH_PATHS = "$(inherited) @executable_path/Frameworks";
				PRODUCT_BUNDLE_IDENTIFIER = USC.PitchPerfect;
				PRODUCT_NAME = "$(TARGET_NAME)";
				SWIFT_VERSION = 3.0;
			};
			name = Debug;
		};
		05316D0E1EF5B63900ACCB1A /* Release */ = {
			isa = XCBuildConfiguration;
			buildSettings = {
				ASSETCATALOG_COMPILER_APPICON_NAME = AppIcon;
				DEVELOPMENT_TEAM = KTXPB2FC38;
				INFOPLIST_FILE = PitchPerfect/Info.plist;
				LD_RUNPATH_SEARCH_PATHS = "$(inherited) @executable_path/Frameworks";
				PRODUCT_BUNDLE_IDENTIFIER = USC.PitchPerfect;
				PRODUCT_NAME = "$(TARGET_NAME)";
				SWIFT_VERSION = 3.0;
			};
			name = Release;
		};
/* End XCBuildConfiguration section */

/* Begin XCConfigurationList section */
		05316CF51EF5B63800ACCB1A /* Build configuration list for PBXProject "PitchPerfect" */ = {
			isa = XCConfigurationList;
			buildConfigurations = (
				05316D0A1EF5B63900ACCB1A /* Debug */,
				05316D0B1EF5B63900ACCB1A /* Release */,
			);
			defaultConfigurationIsVisible = 0;
			defaultConfigurationName = Release;
		};
		05316D0C1EF5B63900ACCB1A /* Build configuration list for PBXNativeTarget "PitchPerfect" */ = {
			isa = XCConfigurationList;
			buildConfigurations = (
				05316D0D1EF5B63900ACCB1A /* Debug */,
				05316D0E1EF5B63900ACCB1A /* Release */,
			);
			defaultConfigurationIsVisible = 0;
			defaultConfigurationName = Release;
		};
/* End XCConfigurationList section */
	};
	rootObject = 05316CF21EF5B63800ACCB1A /* Project object */;
}
